
Microsoft Visual Studio Solution File, Format Version 12.00
Project("{FAE04EC0-301F-11D3-BF4B-00C04F79EFBC}") = "Aurora.Gui", "Aurora.Gui\Aurora.Gui.csproj", "{7189DDC0-8DEA-4629-BF51-4E5A49EE8516}"
EndProject
Project("{FAE04EC0-301F-11D3-BF4B-00C04F79EFBC}") = "Aurora", "Aurora\Aurora.csproj", "{80DB87E3-E80B-4680-913D-2C1C9056C1F9}"
EndProject
Project("{FAE04EC0-301F-11D3-BF4B-00C04F79EFBC}") = "Aurora.Cli", "Aurora.Cli\Aurora.Cli.csproj", "{290C1C0C-5083-4F32-9A51-A7940EA7ABA4}"
EndProject
Project("{FAE04EC0-301F-11D3-BF4B-00C04F79EFBC}") = "Glitonea", "Glitonea\Glitonea.csproj", "{8C8B961E-96FD-4861-9474-495D94A3870D}"
EndProject
Global
	GlobalSection(SolutionConfigurationPlatforms) = preSolution
		Debug|Any CPU = Debug|Any CPU
		Release|Any CPU = Release|Any CPU
	EndGlobalSection
	GlobalSection(ProjectConfigurationPlatforms) = postSolution
		{7189DDC0-8DEA-4629-BF51-4E5A49EE8516}.Debug|Any CPU.ActiveCfg = Debug|Any CPU
		{7189DDC0-8DEA-4629-BF51-4E5A49EE8516}.Debug|Any CPU.Build.0 = Debug|Any CPU
		{7189DDC0-8DEA-4629-BF51-4E5A49EE8516}.Release|Any CPU.ActiveCfg = Release|Any CPU
		{7189DDC0-8DEA-4629-BF51-4E5A49EE8516}.Release|Any CPU.Build.0 = Release|Any CPU
		{80DB87E3-E80B-4680-913D-2C1C9056C1F9}.Debug|Any CPU.ActiveCfg = Debug|Any CPU
		{80DB87E3-E80B-4680-913D-2C1C9056C1F9}.Debug|Any CPU.Build.0 = Debug|Any CPU
		{80DB87E3-E80B-4680-913D-2C1C9056C1F9}.Release|Any CPU.ActiveCfg = Release|Any CPU
		{80DB87E3-E80B-4680-913D-2C1C9056C1F9}.Release|Any CPU.Build.0 = Release|Any CPU
		{290C1C0C-5083-4F32-9A51-A7940EA7ABA4}.Debug|Any CPU.ActiveCfg = Debug|Any CPU
		{290C1C0C-5083-4F32-9A51-A7940EA7ABA4}.Debug|Any CPU.Build.0 = Debug|Any CPU
		{290C1C0C-5083-4F32-9A51-A7940EA7ABA4}.Release|Any CPU.ActiveCfg = Release|Any CPU
		{290C1C0C-5083-4F32-9A51-A7940EA7ABA4}.Release|Any CPU.Build.0 = Release|Any CPU
		{8C8B961E-96FD-4861-9474-495D94A3870D}.Debug|Any CPU.ActiveCfg = Debug|Any CPU
		{8C8B961E-96FD-4861-9474-495D94A3870D}.Debug|Any CPU.Build.0 = Debug|Any CPU
		{8C8B961E-96FD-4861-9474-495D94A3870D}.Release|Any CPU.ActiveCfg = Release|Any CPU
		{8C8B961E-96FD-4861-9474-495D94A3870D}.Release|Any CPU.Build.0 = Release|Any CPU
	EndGlobalSection
EndGlobal
